
Microsoft Visual Studio Solution File, Format Version 12.00
# Visual Studio Version 17
VisualStudioVersion = 17.9.34728.123
MinimumVisualStudioVersion = 10.0.40219.1
Project("{FAE04EC0-301F-11D3-BF4B-00C04F79EFBC}") = "intratest.Server", "intratest.Server\intratest.Server.csproj", "{15C101C2-D128-4F60-B695-AB8992ED4298}"
EndProject
Project("{54A90642-561A-4BB1-A94E-469ADEE60C69}") = "intratest.client", "intratest.client\intratest.client.esproj", "{3D0978B2-B859-42D2-AEC5-5E30936181B9}"
EndProject
Global
	GlobalSection(SolutionConfigurationPlatforms) = preSolution
		Debug|Any CPU = Debug|Any CPU
		Release|Any CPU = Release|Any CPU
	EndGlobalSection
	GlobalSection(ProjectConfigurationPlatforms) = postSolution
		{15C101C2-D128-4F60-B695-AB8992ED4298}.Debug|Any CPU.ActiveCfg = Debug|Any CPU
		{15C101C2-D128-4F60-B695-AB8992ED4298}.Debug|Any CPU.Build.0 = Debug|Any CPU
		{15C101C2-D128-4F60-B695-AB8992ED4298}.Release|Any CPU.ActiveCfg = Release|Any CPU
		{15C101C2-D128-4F60-B695-AB8992ED4298}.Release|Any CPU.Build.0 = Release|Any CPU
		{3D0978B2-B859-42D2-AEC5-5E30936181B9}.Debug|Any CPU.ActiveCfg = Debug|Any CPU
		{3D0978B2-B859-42D2-AEC5-5E30936181B9}.Debug|Any CPU.Build.0 = Debug|Any CPU
		{3D0978B2-B859-42D2-AEC5-5E30936181B9}.Debug|Any CPU.Deploy.0 = Debug|Any CPU
		{3D0978B2-B859-42D2-AEC5-5E30936181B9}.Release|Any CPU.ActiveCfg = Release|Any CPU
		{3D0978B2-B859-42D2-AEC5-5E30936181B9}.Release|Any CPU.Build.0 = Release|Any CPU
		{3D0978B2-B859-42D2-AEC5-5E30936181B9}.Release|Any CPU.Deploy.0 = Release|Any CPU
	EndGlobalSection
	GlobalSection(SolutionProperties) = preSolution
		HideSolutionNode = FALSE
	EndGlobalSection
	GlobalSection(ExtensibilityGlobals) = postSolution
		SolutionGuid = {3690FA82-21A7-490A-8790-7069488455CD}
	EndGlobalSection
EndGlobal
